
Microsoft Visual Studio Solution File, Format Version 12.00
# Visual Studio Version 16
VisualStudioVersion = 16.0.30011.22
MinimumVisualStudioVersion = 10.0.40219.1
Project("{9A19103F-16F7-4668-BE54-9A1E7A4F7556}") = "Presentation", "Presentation\Presentation.csproj", "{C11864CF-384E-488C-BBAA-50C553791797}"
EndProject
Project("{2150E333-8FDC-42A3-9474-1A3956D46DE8}") = "1 - Presentation", "1 - Presentation", "{619AECA4-A525-4483-8576-586842FE6F67}"
EndProject
Project("{2150E333-8FDC-42A3-9474-1A3956D46DE8}") = "2 - Patterns", "2 - Patterns", "{55911652-5464-4B1D-971E-B1FD71592141}"
EndProject
Global
	GlobalSection(SolutionConfigurationPlatforms) = preSolution
		Debug|Any CPU = Debug|Any CPU
		Release|Any CPU = Release|Any CPU
	EndGlobalSection
	GlobalSection(ProjectConfigurationPlatforms) = postSolution
		{C11864CF-384E-488C-BBAA-50C553791797}.Debug|Any CPU.ActiveCfg = Debug|Any CPU
		{C11864CF-384E-488C-BBAA-50C553791797}.Debug|Any CPU.Build.0 = Debug|Any CPU
		{C11864CF-384E-488C-BBAA-50C553791797}.Release|Any CPU.ActiveCfg = Release|Any CPU
		{C11864CF-384E-488C-BBAA-50C553791797}.Release|Any CPU.Build.0 = Release|Any CPU
	EndGlobalSection
	GlobalSection(SolutionProperties) = preSolution
		HideSolutionNode = FALSE
	EndGlobalSection
	GlobalSection(NestedProjects) = preSolution
		{C11864CF-384E-488C-BBAA-50C553791797} = {619AECA4-A525-4483-8576-586842FE6F67}
	EndGlobalSection
	GlobalSection(ExtensibilityGlobals) = postSolution
		SolutionGuid = {CFFD31AB-445E-4DA7-B7CE-C249F3BE7CCF}
	EndGlobalSection
EndGlobal
