
Microsoft Visual Studio Solution File, Format Version 12.00
# Visual Studio Version 16
VisualStudioVersion = 16.0.30011.22
MinimumVisualStudioVersion = 10.0.40219.1
Project("{FAE04EC0-301F-11D3-BF4B-00C04F79EFBC}") = "Presentation", "Presentation\Presentation.csproj", "{C11864CF-384E-488C-BBAA-50C553791797}"
EndProject
Global
	GlobalSection(SolutionConfigurationPlatforms) = preSolution
		Debug|Any CPU = Debug|Any CPU
		Release|Any CPU = Release|Any CPU
	EndGlobalSection
	GlobalSection(ProjectConfigurationPlatforms) = postSolution
		{C11864CF-384E-488C-BBAA-50C553791797}.Debug|Any CPU.ActiveCfg = Debug|Any CPU
		{C11864CF-384E-488C-BBAA-50C553791797}.Debug|Any CPU.Build.0 = Debug|Any CPU
		{C11864CF-384E-488C-BBAA-50C553791797}.Release|Any CPU.ActiveCfg = Release|Any CPU
		{C11864CF-384E-488C-BBAA-50C553791797}.Release|Any CPU.Build.0 = Release|Any CPU
	EndGlobalSection
	GlobalSection(SolutionProperties) = preSolution
		HideSolutionNode = FALSE
	EndGlobalSection
	GlobalSection(ExtensibilityGlobals) = postSolution
		SolutionGuid = {CFFD31AB-445E-4DA7-B7CE-C249F3BE7CCF}
	EndGlobalSection
EndGlobal
